<?xml version="1.0" encoding="UTF-8" standalone="yes" ?>
<CodeBlocks_project_file>
	<FileVersion major="1" minor="6" />
	<Project>
		<Option title="ProjetLO21" />
		<Option pch_mode="2" />
		<Option compiler="gcc" />
		<Build>
			<Target title="Debug">
				<Option output="bin/Debug/ProjetLO21" prefix_auto="1" extension_auto="1" />
				<Option object_output="obj/Debug/" />
				<Option type="1" />
				<Option compiler="gcc" />
				<Compiler>
					<Add option="-g" />
				</Compiler>
			</Target>
			<Target title="Release">
				<Option output="bin/Release/ProjetLO21" prefix_auto="1" extension_auto="1" />
				<Option object_output="obj/Release/" />
				<Option type="1" />
				<Option compiler="gcc" />
				<Compiler>
					<Add option="-O2" />
				</Compiler>
				<Linker>
					<Add option="-s" />
				</Linker>
			</Target>
		</Build>
		<Compiler>
			<Add option="-Wall" />
		</Compiler>
		<Unit filename="CrossTwoIndiv.c">
			<Option compilerVar="CC" />
		</Unit>
		<Unit filename="CrossTwoIndiv.h" />
		<Unit filename="Population.c">
			<Option compilerVar="CC" />
		</Unit>
		<Unit filename="Population.h" />
		<Unit filename="Quicksort_on_quality.c">
			<Option compilerVar="CC" />
		</Unit>
		<Unit filename="Quicksort_on_quality.h" />
		<Unit filename="binaire_to_decimal.c">
			<Option compilerVar="CC" />
		</Unit>
		<Unit filename="binaire_to_decimal.h" />
		<Unit filename="define.h" />
		<Unit filename="individu.c">
			<Option compilerVar="CC" />
		</Unit>
		<Unit filename="individu.h" />
		<Unit filename="main.c">
			<Option compilerVar="CC" />
		</Unit>
		<Unit filename="puissance.c">
			<Option compilerVar="CC" />
		</Unit>
		<Unit filename="puissance.h" />
		<Unit filename="qualite.c">
			<Option compilerVar="CC" />
		</Unit>
		<Unit filename="qualite.h" />
		<Extensions>
			<code_completion />
			<envvars />
			<debugger />
		</Extensions>
	</Project>
</CodeBlocks_project_file>
